// !$*UTF8*$!
{
	archiveVersion = 1;
	classes = {
	};
	objectVersion = 56;
	objects = {

/* Begin PBXBuildFile section */
		CF74F4132A7C24F3005BBCAD /* WebSocketClientPackage in Frameworks */ = {isa = PBXBuildFile; productRef = CF74F4122A7C24F3005BBCAD /* WebSocketClientPackage */; };
		CF74F4152A7C2C6F005BBCAD /* Assets.xcassets in Resources */ = {isa = PBXBuildFile; fileRef = CF74F4142A7C2C6F005BBCAD /* Assets.xcassets */; };
		CFC1AAA62A00773000C62659 /* GoogleService-Info.plist in Resources */ = {isa = PBXBuildFile; fileRef = CFC1AAA52A00773000C62659 /* GoogleService-Info.plist */; };
		CFFF581929E98D3B0037AA85 /* WebSocketClientApp.swift in Sources */ = {isa = PBXBuildFile; fileRef = CFFF581829E98D3B0037AA85 /* WebSocketClientApp.swift */; };
		CFFF582029E98D3C0037AA85 /* Preview Assets.xcassets in Resources */ = {isa = PBXBuildFile; fileRef = CFFF581F29E98D3C0037AA85 /* Preview Assets.xcassets */; };
		CFFF584B29E990A30037AA85 /* Settings.bundle in Resources */ = {isa = PBXBuildFile; fileRef = CFFF584A29E990A30037AA85 /* Settings.bundle */; };
		CFFF585329E995BA0037AA85 /* AppDelegate.swift in Sources */ = {isa = PBXBuildFile; fileRef = CFFF585229E995BA0037AA85 /* AppDelegate.swift */; };
/* End PBXBuildFile section */

/* Begin PBXFileReference section */
		CF12F5F92AC8549F004C6153 /* PrivacyInfo.xcprivacy */ = {isa = PBXFileReference; lastKnownFileType = text.xml; path = PrivacyInfo.xcprivacy; sourceTree = "<group>"; };
		CF74F4142A7C2C6F005BBCAD /* Assets.xcassets */ = {isa = PBXFileReference; lastKnownFileType = folder.assetcatalog; path = Assets.xcassets; sourceTree = "<group>"; };
		CFC1AA5229FC187F00C62659 /* libswift_Concurrency.tbd */ = {isa = PBXFileReference; lastKnownFileType = "sourcecode.text-based-dylib-definition"; name = libswift_Concurrency.tbd; path = usr/lib/swift/libswift_Concurrency.tbd; sourceTree = SDKROOT; };
		CFC1AAA52A00773000C62659 /* GoogleService-Info.plist */ = {isa = PBXFileReference; fileEncoding = 4; lastKnownFileType = text.plist.xml; path = "GoogleService-Info.plist"; sourceTree = "<group>"; };
		CFC1AAB62A019E5B00C62659 /* Project.xcconfig */ = {isa = PBXFileReference; fileEncoding = 4; lastKnownFileType = text.xcconfig; path = Project.xcconfig; sourceTree = "<group>"; };
		CFC1AABB2A019E9800C62659 /* App.release.xcconfig */ = {isa = PBXFileReference; fileEncoding = 4; lastKnownFileType = text.xcconfig; path = App.release.xcconfig; sourceTree = "<group>"; };
		CFC1AABC2A019E9800C62659 /* App.base.xcconfig */ = {isa = PBXFileReference; fileEncoding = 4; lastKnownFileType = text.xcconfig; path = App.base.xcconfig; sourceTree = "<group>"; };
		CFC1AABD2A019E9800C62659 /* App.debug.xcconfig */ = {isa = PBXFileReference; fileEncoding = 4; lastKnownFileType = text.xcconfig; path = App.debug.xcconfig; sourceTree = "<group>"; };
		CFFF581529E98D3B0037AA85 /* WebSocketClient.app */ = {isa = PBXFileReference; explicitFileType = wrapper.application; includeInIndex = 0; path = WebSocketClient.app; sourceTree = BUILT_PRODUCTS_DIR; };
		CFFF581829E98D3B0037AA85 /* WebSocketClientApp.swift */ = {isa = PBXFileReference; lastKnownFileType = sourcecode.swift; path = WebSocketClientApp.swift; sourceTree = "<group>"; };
		CFFF581F29E98D3C0037AA85 /* Preview Assets.xcassets */ = {isa = PBXFileReference; lastKnownFileType = folder.assetcatalog; path = "Preview Assets.xcassets"; sourceTree = "<group>"; };
		CFFF584729E98F020037AA85 /* Info.plist */ = {isa = PBXFileReference; lastKnownFileType = text.plist.xml; path = Info.plist; sourceTree = "<group>"; };
		CFFF584A29E990A30037AA85 /* Settings.bundle */ = {isa = PBXFileReference; lastKnownFileType = "wrapper.plug-in"; path = Settings.bundle; sourceTree = "<group>"; };
		CFFF585229E995BA0037AA85 /* AppDelegate.swift */ = {isa = PBXFileReference; lastKnownFileType = sourcecode.swift; path = AppDelegate.swift; sourceTree = "<group>"; };
/* End PBXFileReference section */

/* Begin PBXFrameworksBuildPhase section */
		CFFF581229E98D3B0037AA85 /* Frameworks */ = {
			isa = PBXFrameworksBuildPhase;
			buildActionMask = 2147483647;
			files = (
				CF74F4132A7C24F3005BBCAD /* WebSocketClientPackage in Frameworks */,
			);
			runOnlyForDeploymentPostprocessing = 0;
		};
/* End PBXFrameworksBuildPhase section */

/* Begin PBXGroup section */
		CFC1AAB12A019E5B00C62659 /* Configurations */ = {
			isa = PBXGroup;
			children = (
				CFC1AAB22A019E5B00C62659 /* App */,
				CFC1AAB62A019E5B00C62659 /* Project.xcconfig */,
			);
			path = Configurations;
			sourceTree = "<group>";
		};
		CFC1AAB22A019E5B00C62659 /* App */ = {
			isa = PBXGroup;
			children = (
				CFC1AABC2A019E9800C62659 /* App.base.xcconfig */,
				CFC1AABD2A019E9800C62659 /* App.debug.xcconfig */,
				CFC1AABB2A019E9800C62659 /* App.release.xcconfig */,
			);
			path = App;
			sourceTree = "<group>";
		};
		CFD5AB9329F526F700765E48 /* Frameworks */ = {
			isa = PBXGroup;
			children = (
				CFC1AA5229FC187F00C62659 /* libswift_Concurrency.tbd */,
			);
			name = Frameworks;
			sourceTree = "<group>";
		};
		CFFF580C29E98D3B0037AA85 = {
			isa = PBXGroup;
			children = (
				CFFF581729E98D3B0037AA85 /* WebSocketClient */,
				CFC1AAB12A019E5B00C62659 /* Configurations */,
				CFFF581629E98D3B0037AA85 /* Products */,
				CFD5AB9329F526F700765E48 /* Frameworks */,
			);
			sourceTree = "<group>";
		};
		CFFF581629E98D3B0037AA85 /* Products */ = {
			isa = PBXGroup;
			children = (
				CFFF581529E98D3B0037AA85 /* WebSocketClient.app */,
			);
			name = Products;
			sourceTree = "<group>";
		};
		CFFF581729E98D3B0037AA85 /* WebSocketClient */ = {
			isa = PBXGroup;
			children = (
				CFFF584529E98E610037AA85 /* Sources */,
				CFFF584429E98E3A0037AA85 /* Resources */,
				CFFF584829E98F800037AA85 /* Supporting Files */,
			);
			path = WebSocketClient;
			sourceTree = "<group>";
		};
		CFFF581E29E98D3C0037AA85 /* Preview Content */ = {
			isa = PBXGroup;
			children = (
				CFFF581F29E98D3C0037AA85 /* Preview Assets.xcassets */,
			);
			path = "Preview Content";
			sourceTree = "<group>";
		};
		CFFF584429E98E3A0037AA85 /* Resources */ = {
			isa = PBXGroup;
			children = (
				CFC1AAA52A00773000C62659 /* GoogleService-Info.plist */,
				CFFF581E29E98D3C0037AA85 /* Preview Content */,
				CFFF584A29E990A30037AA85 /* Settings.bundle */,
				CF74F4142A7C2C6F005BBCAD /* Assets.xcassets */,
				CF12F5F92AC8549F004C6153 /* PrivacyInfo.xcprivacy */,
			);
			path = Resources;
			sourceTree = "<group>";
		};
		CFFF584529E98E610037AA85 /* Sources */ = {
			isa = PBXGroup;
			children = (
				CFFF585229E995BA0037AA85 /* AppDelegate.swift */,
				CFFF581829E98D3B0037AA85 /* WebSocketClientApp.swift */,
			);
			path = Sources;
			sourceTree = "<group>";
		};
		CFFF584829E98F800037AA85 /* Supporting Files */ = {
			isa = PBXGroup;
			children = (
				CFFF584729E98F020037AA85 /* Info.plist */,
			);
			path = "Supporting Files";
			sourceTree = "<group>";
		};
/* End PBXGroup section */

/* Begin PBXNativeTarget section */
		CFFF581429E98D3B0037AA85 /* WebSocketClient */ = {
			isa = PBXNativeTarget;
			buildConfigurationList = CFFF583929E98D3C0037AA85 /* Build configuration list for PBXNativeTarget "WebSocketClient" */;
			buildPhases = (
				CFFF581129E98D3B0037AA85 /* Sources */,
				CFFF581229E98D3B0037AA85 /* Frameworks */,
				CFFF581329E98D3B0037AA85 /* Resources */,
				CFFF49292B05DD440037AA85 /* Copy Acknowledgements */,
			);
			buildRules = (
			);
			dependencies = (
				CF794B912A7ED17D00551589 /* PBXTargetDependency */,
			);
			name = WebSocketClient;
			packageProductDependencies = (
				CF74F4122A7C24F3005BBCAD /* WebSocketClientPackage */,
			);
			productName = WebSocketClient;
			productReference = CFFF581529E98D3B0037AA85 /* WebSocketClient.app */;
			productType = "com.apple.product-type.application";
		};
/* End PBXNativeTarget section */

/* Begin PBXProject section */
		CFFF580D29E98D3B0037AA85 /* Project object */ = {
			isa = PBXProject;
			attributes = {
				BuildIndependentTargetsInParallel = 1;
				LastSwiftUpdateCheck = 1420;
				LastUpgradeCheck = 1510;
				TargetAttributes = {
					CFFF581429E98D3B0037AA85 = {
						CreatedOnToolsVersion = 14.2;
					};
				};
			};
			buildConfigurationList = CFFF581029E98D3B0037AA85 /* Build configuration list for PBXProject "WebSocketClient" */;
			compatibilityVersion = "Xcode 14.0";
			developmentRegion = en;
			hasScannedForEncodings = 0;
			knownRegions = (
				en,
				ja,
				Base,
			);
			mainGroup = CFFF580C29E98D3B0037AA85;
			packageReferences = (
				CF794B8F2A7ED17500551589 /* XCRemoteSwiftPackageReference "LicensePlist" */,
			);
			productRefGroup = CFFF581629E98D3B0037AA85 /* Products */;
			projectDirPath = "";
			projectRoot = "";
			targets = (
				CFFF581429E98D3B0037AA85 /* WebSocketClient */,
			);
		};
/* End PBXProject section */

/* Begin PBXResourcesBuildPhase section */
		CFFF581329E98D3B0037AA85 /* Resources */ = {
			isa = PBXResourcesBuildPhase;
			buildActionMask = 2147483647;
			files = (
				CFFF582029E98D3C0037AA85 /* Preview Assets.xcassets in Resources */,
				CFC1AAA62A00773000C62659 /* GoogleService-Info.plist in Resources */,
				CF74F4152A7C2C6F005BBCAD /* Assets.xcassets in Resources */,
				CFFF584B29E990A30037AA85 /* Settings.bundle in Resources */,
			);
			runOnlyForDeploymentPostprocessing = 0;
		};
/* End PBXResourcesBuildPhase section */

/* Begin PBXShellScriptBuildPhase section */
		CFFF49292B05DD440037AA85 /* Copy Acknowledgements */ = {
			isa = PBXShellScriptBuildPhase;
			buildActionMask = 2147483647;
			files = (
			);
			inputPaths = (
			);
			name = "Copy Acknowledgements";
			outputPaths = (
			);
			runOnlyForDeploymentPostprocessing = 0;
			shellPath = /bin/sh;
			shellScript = "echo \"Will copy acknowledgements\"\n\nACKNOWLEDGEMENTS_DIR=${BUILT_PRODUCTS_DIR}/${CONTENTS_FOLDER_PATH}/com.mono0926.LicensePlist.Output\nDESTINATION_PATH=${BUILT_PRODUCTS_DIR}/${CONTENTS_FOLDER_PATH}/Settings.bundle/\n\ncp -r \"${ACKNOWLEDGEMENTS_DIR}\"/* \"${DESTINATION_PATH}\"\nrm -rf \"${ACKNOWLEDGEMENTS_DIR}\"\n";
		};
/* End PBXShellScriptBuildPhase section */

/* Begin PBXSourcesBuildPhase section */
		CFFF581129E98D3B0037AA85 /* Sources */ = {
			isa = PBXSourcesBuildPhase;
			buildActionMask = 2147483647;
			files = (
				CFFF585329E995BA0037AA85 /* AppDelegate.swift in Sources */,
				CFFF581929E98D3B0037AA85 /* WebSocketClientApp.swift in Sources */,
			);
			runOnlyForDeploymentPostprocessing = 0;
		};
/* End PBXSourcesBuildPhase section */

/* Begin PBXTargetDependency section */
		CF794B912A7ED17D00551589 /* PBXTargetDependency */ = {
			isa = PBXTargetDependency;
			productRef = CF794B902A7ED17D00551589 /* LicensePlistBuildTool */;
		};
/* End PBXTargetDependency section */

/* Begin XCBuildConfiguration section */
		CFFF583729E98D3C0037AA85 /* Debug */ = {
			isa = XCBuildConfiguration;
			buildSettings = {
				ALWAYS_SEARCH_USER_PATHS = NO;
				ASSETCATALOG_COMPILER_GENERATE_SWIFT_ASSET_SYMBOL_EXTENSIONS = YES;
				CLANG_ANALYZER_LOCALIZABILITY_NONLOCALIZED = YES;
				CLANG_ANALYZER_NONNULL = YES;
				CLANG_ANALYZER_NUMBER_OBJECT_CONVERSION = YES_AGGRESSIVE;
				CLANG_CXX_LANGUAGE_STANDARD = "gnu++20";
				CLANG_ENABLE_MODULES = YES;
				CLANG_ENABLE_OBJC_ARC = YES;
				CLANG_ENABLE_OBJC_WEAK = YES;
				CLANG_WARN_BLOCK_CAPTURE_AUTORELEASING = YES;
				CLANG_WARN_BOOL_CONVERSION = YES;
				CLANG_WARN_COMMA = YES;
				CLANG_WARN_CONSTANT_CONVERSION = YES;
				CLANG_WARN_DEPRECATED_OBJC_IMPLEMENTATIONS = YES;
				CLANG_WARN_DIRECT_OBJC_ISA_USAGE = YES_ERROR;
				CLANG_WARN_DOCUMENTATION_COMMENTS = YES;
				CLANG_WARN_EMPTY_BODY = YES;
				CLANG_WARN_ENUM_CONVERSION = YES;
				CLANG_WARN_INFINITE_RECURSION = YES;
				CLANG_WARN_INT_CONVERSION = YES;
				CLANG_WARN_NON_LITERAL_NULL_CONVERSION = YES;
				CLANG_WARN_OBJC_IMPLICIT_RETAIN_SELF = YES;
				CLANG_WARN_OBJC_LITERAL_CONVERSION = YES;
				CLANG_WARN_OBJC_ROOT_CLASS = YES_ERROR;
				CLANG_WARN_QUOTED_INCLUDE_IN_FRAMEWORK_HEADER = YES;
				CLANG_WARN_RANGE_LOOP_ANALYSIS = YES;
				CLANG_WARN_STRICT_PROTOTYPES = YES;
				CLANG_WARN_SUSPICIOUS_MOVE = YES;
				CLANG_WARN_UNGUARDED_AVAILABILITY = YES_AGGRESSIVE;
				CLANG_WARN_UNREACHABLE_CODE = YES;
				CLANG_WARN__DUPLICATE_METHOD_MATCH = YES;
				COPY_PHASE_STRIP = NO;
				DEBUG_INFORMATION_FORMAT = dwarf;
				ENABLE_STRICT_OBJC_MSGSEND = YES;
				ENABLE_TESTABILITY = YES;
				GCC_C_LANGUAGE_STANDARD = gnu11;
				GCC_DYNAMIC_NO_PIC = NO;
				GCC_NO_COMMON_BLOCKS = YES;
				GCC_OPTIMIZATION_LEVEL = 0;
				GCC_PREPROCESSOR_DEFINITIONS = (
					"DEBUG=1",
					"$(inherited)",
				);
				GCC_WARN_64_TO_32_BIT_CONVERSION = YES;
				GCC_WARN_ABOUT_RETURN_TYPE = YES_ERROR;
				GCC_WARN_UNDECLARED_SELECTOR = YES;
				GCC_WARN_UNINITIALIZED_AUTOS = YES_AGGRESSIVE;
				GCC_WARN_UNUSED_FUNCTION = YES;
				GCC_WARN_UNUSED_VARIABLE = YES;
				IPHONEOS_DEPLOYMENT_TARGET = 16.0;
				MTL_ENABLE_DEBUG_INFO = INCLUDE_SOURCE;
				MTL_FAST_MATH = YES;
				ONLY_ACTIVE_ARCH = YES;
				SDKROOT = iphoneos;
				SWIFT_ACTIVE_COMPILATION_CONDITIONS = DEBUG;
				SWIFT_OPTIMIZATION_LEVEL = "-Onone";
			};
			name = Debug;
		};
		CFFF583829E98D3C0037AA85 /* Release */ = {
			isa = XCBuildConfiguration;
			buildSettings = {
				ALWAYS_SEARCH_USER_PATHS = NO;
				ASSETCATALOG_COMPILER_GENERATE_SWIFT_ASSET_SYMBOL_EXTENSIONS = YES;
				CLANG_ANALYZER_LOCALIZABILITY_NONLOCALIZED = YES;
				CLANG_ANALYZER_NONNULL = YES;
				CLANG_ANALYZER_NUMBER_OBJECT_CONVERSION = YES_AGGRESSIVE;
				CLANG_CXX_LANGUAGE_STANDARD = "gnu++20";
				CLANG_ENABLE_MODULES = YES;
				CLANG_ENABLE_OBJC_ARC = YES;
				CLANG_ENABLE_OBJC_WEAK = YES;
				CLANG_WARN_BLOCK_CAPTURE_AUTORELEASING = YES;
				CLANG_WARN_BOOL_CONVERSION = YES;
				CLANG_WARN_COMMA = YES;
				CLANG_WARN_CONSTANT_CONVERSION = YES;
				CLANG_WARN_DEPRECATED_OBJC_IMPLEMENTATIONS = YES;
				CLANG_WARN_DIRECT_OBJC_ISA_USAGE = YES_ERROR;
				CLANG_WARN_DOCUMENTATION_COMMENTS = YES;
				CLANG_WARN_EMPTY_BODY = YES;
				CLANG_WARN_ENUM_CONVERSION = YES;
				CLANG_WARN_INFINITE_RECURSION = YES;
				CLANG_WARN_INT_CONVERSION = YES;
				CLANG_WARN_NON_LITERAL_NULL_CONVERSION = YES;
				CLANG_WARN_OBJC_IMPLICIT_RETAIN_SELF = YES;
				CLANG_WARN_OBJC_LITERAL_CONVERSION = YES;
				CLANG_WARN_OBJC_ROOT_CLASS = YES_ERROR;
				CLANG_WARN_QUOTED_INCLUDE_IN_FRAMEWORK_HEADER = YES;
				CLANG_WARN_RANGE_LOOP_ANALYSIS = YES;
				CLANG_WARN_STRICT_PROTOTYPES = YES;
				CLANG_WARN_SUSPICIOUS_MOVE = YES;
				CLANG_WARN_UNGUARDED_AVAILABILITY = YES_AGGRESSIVE;
				CLANG_WARN_UNREACHABLE_CODE = YES;
				CLANG_WARN__DUPLICATE_METHOD_MATCH = YES;
				COPY_PHASE_STRIP = NO;
				DEBUG_INFORMATION_FORMAT = "dwarf-with-dsym";
				ENABLE_NS_ASSERTIONS = NO;
				ENABLE_STRICT_OBJC_MSGSEND = YES;
				GCC_C_LANGUAGE_STANDARD = gnu11;
				GCC_NO_COMMON_BLOCKS = YES;
				GCC_WARN_64_TO_32_BIT_CONVERSION = YES;
				GCC_WARN_ABOUT_RETURN_TYPE = YES_ERROR;
				GCC_WARN_UNDECLARED_SELECTOR = YES;
				GCC_WARN_UNINITIALIZED_AUTOS = YES_AGGRESSIVE;
				GCC_WARN_UNUSED_FUNCTION = YES;
				GCC_WARN_UNUSED_VARIABLE = YES;
				IPHONEOS_DEPLOYMENT_TARGET = 16.0;
				MTL_ENABLE_DEBUG_INFO = NO;
				MTL_FAST_MATH = YES;
				SDKROOT = iphoneos;
				SWIFT_COMPILATION_MODE = wholemodule;
				SWIFT_OPTIMIZATION_LEVEL = "-O";
				VALIDATE_PRODUCT = YES;
			};
			name = Release;
		};
		CFFF583A29E98D3C0037AA85 /* Debug */ = {
			isa = XCBuildConfiguration;
			baseConfigurationReference = CFC1AABD2A019E9800C62659 /* App.debug.xcconfig */;
			buildSettings = {
				ASSETCATALOG_COMPILER_APPICON_NAME = AppIcon;
				ASSETCATALOG_COMPILER_GLOBAL_ACCENT_COLOR_NAME = AccentColor;
				DEVELOPMENT_ASSET_PATHS = "\"WebSocketClient/Resources/Preview Content\"";
				ENABLE_PREVIEWS = YES;
				INFOPLIST_KEY_UIApplicationSceneManifest_Generation = YES;
				INFOPLIST_KEY_UIApplicationSupportsIndirectInputEvents = YES;
				INFOPLIST_KEY_UILaunchScreen_Generation = YES;
				INFOPLIST_KEY_UISupportedInterfaceOrientations = UIInterfaceOrientationPortrait;
				INFOPLIST_KEY_UISupportedInterfaceOrientations_iPad = "UIInterfaceOrientationLandscapeLeft UIInterfaceOrientationLandscapeRight UIInterfaceOrientationPortrait UIInterfaceOrientationPortraitUpsideDown";
				LD_RUNPATH_SEARCH_PATHS = (
					"$(inherited)",
					"@executable_path/Frameworks",
				);
				OTHER_LDFLAGS = "-ObjC";
				PRODUCT_NAME = "$(TARGET_NAME)";
				SUPPORTED_PLATFORMS = "iphoneos iphonesimulator";
				SUPPORTS_MACCATALYST = NO;
				SUPPORTS_MAC_DESIGNED_FOR_IPHONE_IPAD = NO;
				SWIFT_EMIT_LOC_STRINGS = YES;
				SWIFT_VERSION = 5.0;
			};
			name = Debug;
		};
		CFFF583B29E98D3C0037AA85 /* Release */ = {
			isa = XCBuildConfiguration;
			baseConfigurationReference = CFC1AABB2A019E9800C62659 /* App.release.xcconfig */;
			buildSettings = {
				ASSETCATALOG_COMPILER_APPICON_NAME = AppIcon;
				ASSETCATALOG_COMPILER_GLOBAL_ACCENT_COLOR_NAME = AccentColor;
				DEVELOPMENT_ASSET_PATHS = "\"WebSocketClient/Resources/Preview Content\"";
				ENABLE_PREVIEWS = YES;
				INFOPLIST_KEY_UIApplicationSceneManifest_Generation = YES;
				INFOPLIST_KEY_UIApplicationSupportsIndirectInputEvents = YES;
				INFOPLIST_KEY_UILaunchScreen_Generation = YES;
				INFOPLIST_KEY_UISupportedInterfaceOrientations = UIInterfaceOrientationPortrait;
				INFOPLIST_KEY_UISupportedInterfaceOrientations_iPad = "UIInterfaceOrientationLandscapeLeft UIInterfaceOrientationLandscapeRight UIInterfaceOrientationPortrait UIInterfaceOrientationPortraitUpsideDown";
				LD_RUNPATH_SEARCH_PATHS = (
					"$(inherited)",
					"@executable_path/Frameworks",
				);
				OTHER_LDFLAGS = "-ObjC";
				PRODUCT_NAME = "$(TARGET_NAME)";
				SUPPORTED_PLATFORMS = "iphoneos iphonesimulator";
				SUPPORTS_MACCATALYST = NO;
				SUPPORTS_MAC_DESIGNED_FOR_IPHONE_IPAD = NO;
				SWIFT_EMIT_LOC_STRINGS = YES;
				SWIFT_VERSION = 5.0;
			};
			name = Release;
		};
/* End XCBuildConfiguration section */

/* Begin XCConfigurationList section */
		CFFF581029E98D3B0037AA85 /* Build configuration list for PBXProject "WebSocketClient" */ = {
			isa = XCConfigurationList;
			buildConfigurations = (
				CFFF583729E98D3C0037AA85 /* Debug */,
				CFFF583829E98D3C0037AA85 /* Release */,
			);
			defaultConfigurationIsVisible = 0;
			defaultConfigurationName = Release;
		};
		CFFF583929E98D3C0037AA85 /* Build configuration list for PBXNativeTarget "WebSocketClient" */ = {
			isa = XCConfigurationList;
			buildConfigurations = (
				CFFF583A29E98D3C0037AA85 /* Debug */,
				CFFF583B29E98D3C0037AA85 /* Release */,
			);
			defaultConfigurationIsVisible = 0;
			defaultConfigurationName = Release;
		};
/* End XCConfigurationList section */

/* Begin XCRemoteSwiftPackageReference section */
		CF794B8F2A7ED17500551589 /* XCRemoteSwiftPackageReference "LicensePlist" */ = {
			isa = XCRemoteSwiftPackageReference;
			repositoryURL = "https://github.com/mono0926/LicensePlist.git";
			requirement = {
				kind = upToNextMajorVersion;
				minimumVersion = 3.25.1;
			};
		};
/* End XCRemoteSwiftPackageReference section */

/* Begin XCSwiftPackageProductDependency section */
		CF74F4122A7C24F3005BBCAD /* WebSocketClientPackage */ = {
			isa = XCSwiftPackageProductDependency;
			productName = WebSocketClientPackage;
		};
		CF794B902A7ED17D00551589 /* LicensePlistBuildTool */ = {
			isa = XCSwiftPackageProductDependency;
			package = CF794B8F2A7ED17500551589 /* XCRemoteSwiftPackageReference "LicensePlist" */;
			productName = "plugin:LicensePlistBuildTool";
		};
/* End XCSwiftPackageProductDependency section */
	};
	rootObject = CFFF580D29E98D3B0037AA85 /* Project object */;
}
