{
  "pins" : [
    {
      "identity" : "apikit",
      "kind" : "remoteSourceControl",
      "location" : "https://github.com/ishkawa/APIKit.git",
      "state" : {
        "revision" : "b839e53b870104798035b279d2a6168b0a2227b1",
        "version" : "5.4.0"
      }
    },
    {
      "identity" : "heliumlogger",
      "kind" : "remoteSourceControl",
      "location" : "https://github.com/Kitura/HeliumLogger.git",
      "state" : {
        "revision" : "fc2a71597ae974da5282d751bcc11965964bccce",
        "version" : "2.0.0"
      }
    },
    {
      "identity" : "licenseplist",
      "kind" : "remoteSourceControl",
      "location" : "https://github.com/mono0926/LicensePlist.git",
      "state" : {
        "revision" : "718763fd674d186842338e24b4cbedcf35aed5f6",
        "version" : "3.24.9"
      }
    },
    {
      "identity" : "loggerapi",
      "kind" : "remoteSourceControl",
      "location" : "https://github.com/Kitura/LoggerAPI.git",
      "state" : {
        "revision" : "4e6b45e850ffa275e8e26a24c6454fd709d5b6ac",
        "version" : "2.0.0"
      }
    },
    {
      "identity" : "swift-argument-parser",
      "kind" : "remoteSourceControl",
      "location" : "https://github.com/apple/swift-argument-parser.git",
      "state" : {
        "revision" : "fee6933f37fde9a5e12a1e4aeaa93fe60116ff2a",
        "version" : "1.2.2"
      }
    },
    {
      "identity" : "swift-html-entities",
      "kind" : "remoteSourceControl",
      "location" : "https://github.com/Kitura/swift-html-entities.git",
      "state" : {
        "revision" : "d8ca73197f59ce260c71bd6d7f6eb8bbdccf508b",
        "version" : "4.0.1"
      }
    },
    {
      "identity" : "swift-log",
      "kind" : "remoteSourceControl",
      "location" : "https://github.com/apple/swift-log.git",
      "state" : {
        "revision" : "32e8d724467f8fe623624570367e3d50c5638e46",
        "version" : "1.5.2"
      }
    },
    {
      "identity" : "xcodeedit",
      "kind" : "remoteSourceControl",
      "location" : "https://github.com/tomlokhorst/XcodeEdit.git",
      "state" : {
        "revision" : "cd466d6e8c5ffd2f2b61165d37b0646f09068e1e",
        "version" : "2.9.0"
      }
    },
    {
      "identity" : "yamlswift",
      "kind" : "remoteSourceControl",
      "location" : "https://github.com/behrang/YamlSwift.git",
      "state" : {
        "revision" : "287f5cab7da0d92eb947b5fd8151b203ae04a9a3",
        "version" : "3.4.4"
      }
    }
  ],
  "version" : 2
}
